
Microsoft Visual Studio Solution File, Format Version 12.00
# Visual Studio Version 17
VisualStudioVersion = 17.6.33723.286
MinimumVisualStudioVersion = 10.0.40219.1
Project("{FAE04EC0-301F-11D3-BF4B-00C04F79EFBC}") = "RepairShop", "RepairShop\RepairShop.csproj", "{04010066-FA4E-412A-9759-5F10F882E3D1}"
EndProject
Project("{FAE04EC0-301F-11D3-BF4B-00C04F79EFBC}") = "RepairShop.WpfNavigation", "RepairShop.WpfNavigation\RepairShop.WpfNavigation.csproj", "{BFD7FD35-86AA-4222-818C-260442BC54F9}"
EndProject
Global
	GlobalSection(SolutionConfigurationPlatforms) = preSolution
		Debug|Any CPU = Debug|Any CPU
		Release|Any CPU = Release|Any CPU
	EndGlobalSection
	GlobalSection(ProjectConfigurationPlatforms) = postSolution
		{04010066-FA4E-412A-9759-5F10F882E3D1}.Debug|Any CPU.ActiveCfg = Debug|Any CPU
		{04010066-FA4E-412A-9759-5F10F882E3D1}.Debug|Any CPU.Build.0 = Debug|Any CPU
		{04010066-FA4E-412A-9759-5F10F882E3D1}.Release|Any CPU.ActiveCfg = Release|Any CPU
		{04010066-FA4E-412A-9759-5F10F882E3D1}.Release|Any CPU.Build.0 = Release|Any CPU
		{BFD7FD35-86AA-4222-818C-260442BC54F9}.Debug|Any CPU.ActiveCfg = Debug|Any CPU
		{BFD7FD35-86AA-4222-818C-260442BC54F9}.Debug|Any CPU.Build.0 = Debug|Any CPU
		{BFD7FD35-86AA-4222-818C-260442BC54F9}.Release|Any CPU.ActiveCfg = Release|Any CPU
		{BFD7FD35-86AA-4222-818C-260442BC54F9}.Release|Any CPU.Build.0 = Release|Any CPU
	EndGlobalSection
	GlobalSection(SolutionProperties) = preSolution
		HideSolutionNode = FALSE
	EndGlobalSection
	GlobalSection(ExtensibilityGlobals) = postSolution
		SolutionGuid = {F07BEDBC-D052-4191-B228-58FB87FC26F6}
	EndGlobalSection
EndGlobal
